{
  "name": "@vieolo/parsers",
  "version": "0.0.1",
  "lockfileVersion": 2,
  "requires": true,
  "packages": {
    "": {
      "name": "@vieolo/parsers",
      "version": "0.0.1",
      "license": "UNLICENSED",
      "dependencies": {
        "@vieolo/date": "github:Vieolo/date-js#master"
      }
    },
    "node_modules/@vieolo/date": {
      "version": "1.0.0",
      "resolved": "git+ssh://git@github.com/Vieolo/date-js.git#8e7b36b56ebd9a793585150939f0a5c73b70d8b5",
      "license": "UNLICENSED"
    }
  },
  "dependencies": {
    "@vieolo/date": {
      "version": "git+ssh://git@github.com/Vieolo/date-js.git#8e7b36b56ebd9a793585150939f0a5c73b70d8b5",
      "from": "@vieolo/date@github:Vieolo/date-js#master"
    }
  }
}
